{
  "name": "GlobaLeaks",
  "lockfileVersion": 2,
  "requires": true,
  "packages": {
    "": {
      "dependencies": {
        "angular-animate": "^1.8.3"
      }
    },
    "node_modules/angular-animate": {
      "version": "1.8.3",
      "resolved": "https://registry.npmjs.org/angular-animate/-/angular-animate-1.8.3.tgz",
      "integrity": "sha512-/LtTKvy5sD6MZbV0v+nHgOIpnFF0mrUp+j5WIxVprVhcrJriYpuCZf4S7Owj1o76De/J0eRzANUozNJ6hVepnQ==",
      "deprecated": "For the actively supported Angular, see https://www.npmjs.com/package/@angular/core. AngularJS support has officially ended. For extended AngularJS support options, see https://goo.gle/angularjs-path-forward."
    }
  },
  "dependencies": {
    "angular-animate": {
      "version": "1.8.3",
      "resolved": "https://registry.npmjs.org/angular-animate/-/angular-animate-1.8.3.tgz",
      "integrity": "sha512-/LtTKvy5sD6MZbV0v+nHgOIpnFF0mrUp+j5WIxVprVhcrJriYpuCZf4S7Owj1o76De/J0eRzANUozNJ6hVepnQ=="
    }
  }
}
